
Microsoft Visual Studio Solution File, Format Version 12.00
# Visual Studio Version 17
VisualStudioVersion = 17.5.33424.131
MinimumVisualStudioVersion = 10.0.40219.1
Project("{8BC9CEB8-8B4A-11D0-8D11-00A0C91BC942}") = "enetApp", "enetApp\enetApp.vcxproj", "{33676BF3-037B-4C1D-A211-C21D115F9BE8}"
EndProject
Project("{8BC9CEB8-8B4A-11D0-8D11-00A0C91BC942}") = "enetServer", "enetServer\enetServer.vcxproj", "{6EE4F5BF-592F-4AB4-8CB6-3BFC74F3D12B}"
EndProject
Global
	GlobalSection(SolutionConfigurationPlatforms) = preSolution
		Debug|x64 = Debug|x64
		Debug|x86 = Debug|x86
		Release|x64 = Release|x64
		Release|x86 = Release|x86
	EndGlobalSection
	GlobalSection(ProjectConfigurationPlatforms) = postSolution
		{33676BF3-037B-4C1D-A211-C21D115F9BE8}.Debug|x64.ActiveCfg = Debug|x64
		{33676BF3-037B-4C1D-A211-C21D115F9BE8}.Debug|x64.Build.0 = Debug|x64
		{33676BF3-037B-4C1D-A211-C21D115F9BE8}.Debug|x86.ActiveCfg = Debug|Win32
		{33676BF3-037B-4C1D-A211-C21D115F9BE8}.Debug|x86.Build.0 = Debug|Win32
		{33676BF3-037B-4C1D-A211-C21D115F9BE8}.Release|x64.ActiveCfg = Release|x64
		{33676BF3-037B-4C1D-A211-C21D115F9BE8}.Release|x64.Build.0 = Release|x64
		{33676BF3-037B-4C1D-A211-C21D115F9BE8}.Release|x86.ActiveCfg = Release|Win32
		{33676BF3-037B-4C1D-A211-C21D115F9BE8}.Release|x86.Build.0 = Release|Win32
		{6EE4F5BF-592F-4AB4-8CB6-3BFC74F3D12B}.Debug|x64.ActiveCfg = Debug|x64
		{6EE4F5BF-592F-4AB4-8CB6-3BFC74F3D12B}.Debug|x64.Build.0 = Debug|x64
		{6EE4F5BF-592F-4AB4-8CB6-3BFC74F3D12B}.Debug|x86.ActiveCfg = Debug|Win32
		{6EE4F5BF-592F-4AB4-8CB6-3BFC74F3D12B}.Debug|x86.Build.0 = Debug|Win32
		{6EE4F5BF-592F-4AB4-8CB6-3BFC74F3D12B}.Release|x64.ActiveCfg = Release|x64
		{6EE4F5BF-592F-4AB4-8CB6-3BFC74F3D12B}.Release|x64.Build.0 = Release|x64
		{6EE4F5BF-592F-4AB4-8CB6-3BFC74F3D12B}.Release|x86.ActiveCfg = Release|Win32
		{6EE4F5BF-592F-4AB4-8CB6-3BFC74F3D12B}.Release|x86.Build.0 = Release|Win32
	EndGlobalSection
	GlobalSection(SolutionProperties) = preSolution
		HideSolutionNode = FALSE
	EndGlobalSection
	GlobalSection(ExtensibilityGlobals) = postSolution
		SolutionGuid = {E49A5C76-017B-4F5B-8B91-4BD05BC100E0}
	EndGlobalSection
EndGlobal
